{
  "name": "@kroonprins/pipectl",
  "version": "0.0.1",
  "lockfileVersion": 1,
  "requires": true,
  "dependencies": {
    "updates": {
      "version": "10.2.7",
      "resolved": "https://registry.npmjs.org/updates/-/updates-10.2.7.tgz",
      "integrity": "sha512-YS3+08ghSuDRlMJJC55ilA07OdD1ctxH0k+txFUU7mnXH9KjWSjE1hSRjC+Sf9BKNkJ4xGmmoBRe6dfrNyknjA==",
      "dev": true
    }
  }
}
